// !$*UTF8*$!
{
	archiveVersion = 1;
	classes = {
	};
	objectVersion = 54;
	objects = {

/* Begin PBXBuildFile section */
		0C80B921A6F3F58F76C31292 /* libPods-mpaspor.a in Frameworks */ = {isa = PBXBuildFile; fileRef = 5DCACB8F33CDC322A6C60F78 /* libPods-mpaspor.a */; };
		13B07FBF1A68108700A75B9A /* Images.xcassets in Resources */ = {isa = PBXBuildFile; fileRef = 13B07FB51A68108700A75B9A /* Images.xcassets */; };
		761780ED2CA45674006654EE /* AppDelegate.swift in Sources */ = {isa = PBXBuildFile; fileRef = 761780EC2CA45674006654EE /* AppDelegate.swift */; };
		81AB9BB82411601600AC10FF /* LaunchScreen.storyboard in Resources */ = {isa = PBXBuildFile; fileRef = 81AB9BB72411601600AC10FF /* LaunchScreen.storyboard */; };
		C1234C1921EA4308B8BE3F42 /* NotoSans-Black.ttf in Resources */ = {isa = PBXBuildFile; fileRef = 3E04D39223E34B76B5924912 /* NotoSans-Black.ttf */; };
		D2EB77056AF547E49E63334F /* NotoSans-BlackItalic.ttf in Resources */ = {isa = PBXBuildFile; fileRef = 387647589F2E4609A2AAE3D2 /* NotoSans-BlackItalic.ttf */; };
		AC26F11BBF524E72AF26FEA2 /* NotoSans-Bold.ttf in Resources */ = {isa = PBXBuildFile; fileRef = C114C3F71AA04B778369EA89 /* NotoSans-Bold.ttf */; };
		195ADAD5821241119A6BA3CC /* NotoSans-BoldItalic.ttf in Resources */ = {isa = PBXBuildFile; fileRef = 9675AF4AE623457DA439469F /* NotoSans-BoldItalic.ttf */; };
		3ACCF5CB2A4D48719A1D5FF0 /* NotoSans-ExtraBold.ttf in Resources */ = {isa = PBXBuildFile; fileRef = 540C63F381574B83AD80E694 /* NotoSans-ExtraBold.ttf */; };
		569E5CC1E05D4B7185858CF1 /* NotoSans-ExtraBoldItalic.ttf in Resources */ = {isa = PBXBuildFile; fileRef = 5B9C25EB27EB426CA307D054 /* NotoSans-ExtraBoldItalic.ttf */; };
		EF09B3110E42468A8B63690B /* NotoSans-ExtraLight.ttf in Resources */ = {isa = PBXBuildFile; fileRef = 6D0E0E916D894072B379D1A6 /* NotoSans-ExtraLight.ttf */; };
		81111C0421CA4D8388D13B4B /* NotoSans-ExtraLightItalic.ttf in Resources */ = {isa = PBXBuildFile; fileRef = 0407698A36C645E89ECEE46A /* NotoSans-ExtraLightItalic.ttf */; };
		87F1361A0FE547D093AB988B /* NotoSans-Italic.ttf in Resources */ = {isa = PBXBuildFile; fileRef = 89E495E1B8B1403DBE9B3C18 /* NotoSans-Italic.ttf */; };
		24766699D92E461AB4D29DF3 /* NotoSans-Light.ttf in Resources */ = {isa = PBXBuildFile; fileRef = 981C1B1736F444ABA63EA8B3 /* NotoSans-Light.ttf */; };
		C7974D91F6154C3F899A580B /* NotoSans-LightItalic.ttf in Resources */ = {isa = PBXBuildFile; fileRef = 9810080F44BB45AF9E271B95 /* NotoSans-LightItalic.ttf */; };
		B8F925FC82104E83AA4E3B55 /* NotoSans-Medium.ttf in Resources */ = {isa = PBXBuildFile; fileRef = BC657944C69C450F8CBDCE65 /* NotoSans-Medium.ttf */; };
		35545FC9A957491FB97BEB0B /* NotoSans-MediumItalic.ttf in Resources */ = {isa = PBXBuildFile; fileRef = 306D5A08D36A4FD3A2D60AA6 /* NotoSans-MediumItalic.ttf */; };
		DD09EA0B30064D56B063EEA6 /* NotoSans-Regular.ttf in Resources */ = {isa = PBXBuildFile; fileRef = FB70298C3DDE435593072128 /* NotoSans-Regular.ttf */; };
		ABC64905536D495199653037 /* NotoSans-SemiBold.ttf in Resources */ = {isa = PBXBuildFile; fileRef = B4805B39BE79459DBF47199C /* NotoSans-SemiBold.ttf */; };
		FED256B6C7D1407381944829 /* NotoSans-SemiBoldItalic.ttf in Resources */ = {isa = PBXBuildFile; fileRef = 9A4F5DBEC4C043D399F4AD09 /* NotoSans-SemiBoldItalic.ttf */; };
		18E2698ADBD9484FBAE1B3D4 /* NotoSans-Thin.ttf in Resources */ = {isa = PBXBuildFile; fileRef = 2BA758DFF5F34ACABB6EE75B /* NotoSans-Thin.ttf */; };
		F2A33A19277E48F1AF8981DC /* NotoSans-ThinItalic.ttf in Resources */ = {isa = PBXBuildFile; fileRef = 2B68B3AD2C4C407C91F69A1C /* NotoSans-ThinItalic.ttf */; };
		B6F3D97F2CCE4E938805A5E9 /* NotoSans_Condensed-Black.ttf in Resources */ = {isa = PBXBuildFile; fileRef = 51B2BAA003544315B3E4617C /* NotoSans_Condensed-Black.ttf */; };
		AF410E50367D439FBDED5409 /* NotoSans_Condensed-BlackItalic.ttf in Resources */ = {isa = PBXBuildFile; fileRef = 869814428B704007B4D0B145 /* NotoSans_Condensed-BlackItalic.ttf */; };
		91E54F1E53FE4B6993CF5B4C /* NotoSans_Condensed-Bold.ttf in Resources */ = {isa = PBXBuildFile; fileRef = F7EF8E3D480F4077B28318E6 /* NotoSans_Condensed-Bold.ttf */; };
		E534417E9EFF45A6BAE66C69 /* NotoSans_Condensed-BoldItalic.ttf in Resources */ = {isa = PBXBuildFile; fileRef = 0070E7DA12E345B9BFDCAEAD /* NotoSans_Condensed-BoldItalic.ttf */; };
		777C2162E0F44374ABC7321E /* NotoSans_Condensed-ExtraBold.ttf in Resources */ = {isa = PBXBuildFile; fileRef = 5C1274B686464220BFCBE2D9 /* NotoSans_Condensed-ExtraBold.ttf */; };
		31B29DD7B5524D23B348C975 /* NotoSans_Condensed-ExtraBoldItalic.ttf in Resources */ = {isa = PBXBuildFile; fileRef = B1BAB27ADCCE4EAFB01AF108 /* NotoSans_Condensed-ExtraBoldItalic.ttf */; };
		27F10B1EFED04299927B40A1 /* NotoSans_Condensed-ExtraLight.ttf in Resources */ = {isa = PBXBuildFile; fileRef = 0C6D6EFE50AF468980A2BA9E /* NotoSans_Condensed-ExtraLight.ttf */; };
		FEB5C32AB0AB4124AF18BB8A /* NotoSans_Condensed-ExtraLightItalic.ttf in Resources */ = {isa = PBXBuildFile; fileRef = A7D6B4AB8DB546B58352462D /* NotoSans_Condensed-ExtraLightItalic.ttf */; };
		50291E8241334322BAD0EC3E /* NotoSans_Condensed-Italic.ttf in Resources */ = {isa = PBXBuildFile; fileRef = 1C5321370EBB45AE81411009 /* NotoSans_Condensed-Italic.ttf */; };
		89C7D639AA5F468BB1C3C886 /* NotoSans_Condensed-Light.ttf in Resources */ = {isa = PBXBuildFile; fileRef = 2E47D868B0184559BDF5E5E9 /* NotoSans_Condensed-Light.ttf */; };
		8C3A47515132479EBB5A5343 /* NotoSans_Condensed-LightItalic.ttf in Resources */ = {isa = PBXBuildFile; fileRef = 296396037F08461E99AF7AFC /* NotoSans_Condensed-LightItalic.ttf */; };
		D246936E6D3342DFBDE60B9D /* NotoSans_Condensed-Medium.ttf in Resources */ = {isa = PBXBuildFile; fileRef = 9E1A51AD43A340808D96C36E /* NotoSans_Condensed-Medium.ttf */; };
		321DA40E7EE24B7690339BF7 /* NotoSans_Condensed-MediumItalic.ttf in Resources */ = {isa = PBXBuildFile; fileRef = 4019D9A927784261B56E8BE1 /* NotoSans_Condensed-MediumItalic.ttf */; };
		E96DF032C63C49F29270AFE4 /* NotoSans_Condensed-Regular.ttf in Resources */ = {isa = PBXBuildFile; fileRef = CE27CD0F1BD3480B9683B0BB /* NotoSans_Condensed-Regular.ttf */; };
		B5E1D5B319704C05B9AFD373 /* NotoSans_Condensed-SemiBold.ttf in Resources */ = {isa = PBXBuildFile; fileRef = 5A7A06AE0711424EA2CC089F /* NotoSans_Condensed-SemiBold.ttf */; };
		9AE00D4B2514445A80F4DAB1 /* NotoSans_Condensed-SemiBoldItalic.ttf in Resources */ = {isa = PBXBuildFile; fileRef = 71F8BFFE6F5246219F9DC0F7 /* NotoSans_Condensed-SemiBoldItalic.ttf */; };
		60C49B5715A64D76A83B175D /* NotoSans_Condensed-Thin.ttf in Resources */ = {isa = PBXBuildFile; fileRef = 76FE0CF9610448C083902876 /* NotoSans_Condensed-Thin.ttf */; };
		B2371AE358064802BEA8028D /* NotoSans_Condensed-ThinItalic.ttf in Resources */ = {isa = PBXBuildFile; fileRef = 41D0B635E23947059D1CF2C6 /* NotoSans_Condensed-ThinItalic.ttf */; };
		BED27059F5FA4CCFB349EFB7 /* NotoSans_ExtraCondensed-Black.ttf in Resources */ = {isa = PBXBuildFile; fileRef = E6EEE80D4B2F47BB8FA78157 /* NotoSans_ExtraCondensed-Black.ttf */; };
		E1247B8B1EC945FA8573311F /* NotoSans_ExtraCondensed-BlackItalic.ttf in Resources */ = {isa = PBXBuildFile; fileRef = E7FC30F8FA1C44A1BDE3461A /* NotoSans_ExtraCondensed-BlackItalic.ttf */; };
		B96E2647326440D78EC92098 /* NotoSans_ExtraCondensed-Bold.ttf in Resources */ = {isa = PBXBuildFile; fileRef = 2EBFAEEF25AA42BAB9EC869D /* NotoSans_ExtraCondensed-Bold.ttf */; };
		07F22F8FEFF241F989D8ECD1 /* NotoSans_ExtraCondensed-BoldItalic.ttf in Resources */ = {isa = PBXBuildFile; fileRef = 2D5B8FBD021A4E7A8BC24C19 /* NotoSans_ExtraCondensed-BoldItalic.ttf */; };
		DF724662C2C34AEDB503B552 /* NotoSans_ExtraCondensed-ExtraBold.ttf in Resources */ = {isa = PBXBuildFile; fileRef = 0A1AA61449FA4E698D9EAD0C /* NotoSans_ExtraCondensed-ExtraBold.ttf */; };
		58D77207B0C04ECB9B04DF2D /* NotoSans_ExtraCondensed-ExtraBoldItalic.ttf in Resources */ = {isa = PBXBuildFile; fileRef = FDC32FD5C6CE466E8B6950DB /* NotoSans_ExtraCondensed-ExtraBoldItalic.ttf */; };
		2C17EEBBB81A453391C37368 /* NotoSans_ExtraCondensed-ExtraLight.ttf in Resources */ = {isa = PBXBuildFile; fileRef = F7945520A406472284207CF7 /* NotoSans_ExtraCondensed-ExtraLight.ttf */; };
		4E12A87BCBF045F38321D834 /* NotoSans_ExtraCondensed-ExtraLightItalic.ttf in Resources */ = {isa = PBXBuildFile; fileRef = AEAD78DC746948D4991E047C /* NotoSans_ExtraCondensed-ExtraLightItalic.ttf */; };
		AC3929E5C23C4B2C99BBBEB3 /* NotoSans_ExtraCondensed-Italic.ttf in Resources */ = {isa = PBXBuildFile; fileRef = AFA4940261534AA39B9CD270 /* NotoSans_ExtraCondensed-Italic.ttf */; };
		08C81580077940A59B1FA1CC /* NotoSans_ExtraCondensed-Light.ttf in Resources */ = {isa = PBXBuildFile; fileRef = 350B2043EDCF4BAB8870796E /* NotoSans_ExtraCondensed-Light.ttf */; };
		524060ADA38A436DA2CCC421 /* NotoSans_ExtraCondensed-LightItalic.ttf in Resources */ = {isa = PBXBuildFile; fileRef = 1E312E62C57E4916B811AE4A /* NotoSans_ExtraCondensed-LightItalic.ttf */; };
		F61920A853A245C5937622A1 /* NotoSans_ExtraCondensed-Medium.ttf in Resources */ = {isa = PBXBuildFile; fileRef = CC7766C9F8434BD3AE675547 /* NotoSans_ExtraCondensed-Medium.ttf */; };
		A58DAD6D152C44EF83C41490 /* NotoSans_ExtraCondensed-MediumItalic.ttf in Resources */ = {isa = PBXBuildFile; fileRef = A7B6B69713B7467DA6395064 /* NotoSans_ExtraCondensed-MediumItalic.ttf */; };
		4422DAB346B24BBBABD402A3 /* NotoSans_ExtraCondensed-Regular.ttf in Resources */ = {isa = PBXBuildFile; fileRef = DD739AD811BA4F2CA5AECED9 /* NotoSans_ExtraCondensed-Regular.ttf */; };
		78DEF4BA70F3419A907008A4 /* NotoSans_ExtraCondensed-SemiBold.ttf in Resources */ = {isa = PBXBuildFile; fileRef = 6A5C5E1ACFF34E758EB6D1F1 /* NotoSans_ExtraCondensed-SemiBold.ttf */; };
		10A6F9D7A4B443FE8CEB61A0 /* NotoSans_ExtraCondensed-SemiBoldItalic.ttf in Resources */ = {isa = PBXBuildFile; fileRef = 95EB6F2F20F24550A3DE73F2 /* NotoSans_ExtraCondensed-SemiBoldItalic.ttf */; };
		731251CB912C456899BC4BEA /* NotoSans_ExtraCondensed-Thin.ttf in Resources */ = {isa = PBXBuildFile; fileRef = B46C4579A7CC4F5CB68265EA /* NotoSans_ExtraCondensed-Thin.ttf */; };
		F0301FCDDE874061B8878B28 /* NotoSans_ExtraCondensed-ThinItalic.ttf in Resources */ = {isa = PBXBuildFile; fileRef = AE17D22089D441AC89F643BD /* NotoSans_ExtraCondensed-ThinItalic.ttf */; };
		1B29E81E37A943E1A7E055B7 /* NotoSans_SemiCondensed-Black.ttf in Resources */ = {isa = PBXBuildFile; fileRef = B150E7DEFD7F476BA0B11D46 /* NotoSans_SemiCondensed-Black.ttf */; };
		72FE3574D3744CDEAFE87EDF /* NotoSans_SemiCondensed-BlackItalic.ttf in Resources */ = {isa = PBXBuildFile; fileRef = 5EE0CB7DD07B4E1C9151BE2B /* NotoSans_SemiCondensed-BlackItalic.ttf */; };
		4AED30DF2C1C480A87D87826 /* NotoSans_SemiCondensed-Bold.ttf in Resources */ = {isa = PBXBuildFile; fileRef = 20DE3E556C0744C381959A7F /* NotoSans_SemiCondensed-Bold.ttf */; };
		174B2A74F408417EB9D451D5 /* NotoSans_SemiCondensed-BoldItalic.ttf in Resources */ = {isa = PBXBuildFile; fileRef = C182B410FF2843ECA3C54FA5 /* NotoSans_SemiCondensed-BoldItalic.ttf */; };
		4CA356E2E8AC40DB9632B414 /* NotoSans_SemiCondensed-ExtraBold.ttf in Resources */ = {isa = PBXBuildFile; fileRef = 8F6B29F0B5B0422F915B82E3 /* NotoSans_SemiCondensed-ExtraBold.ttf */; };
		6B060C019EAE4BEDB54B3615 /* NotoSans_SemiCondensed-ExtraBoldItalic.ttf in Resources */ = {isa = PBXBuildFile; fileRef = 0E72669D8E5A4AD2B67FD8B5 /* NotoSans_SemiCondensed-ExtraBoldItalic.ttf */; };
		4872248669114150ACF0D112 /* NotoSans_SemiCondensed-ExtraLight.ttf in Resources */ = {isa = PBXBuildFile; fileRef = 124F2DF781294D1DBDE6C49F /* NotoSans_SemiCondensed-ExtraLight.ttf */; };
		7A6D739510644C4AAAF7507C /* NotoSans_SemiCondensed-ExtraLightItalic.ttf in Resources */ = {isa = PBXBuildFile; fileRef = D2C29BD9DEE14930930E3881 /* NotoSans_SemiCondensed-ExtraLightItalic.ttf */; };
		83FA8B6B1E994367A1B4A9D4 /* NotoSans_SemiCondensed-Italic.ttf in Resources */ = {isa = PBXBuildFile; fileRef = 457ABC5BB7C0482F8368D513 /* NotoSans_SemiCondensed-Italic.ttf */; };
		20444ECF33404AB4A5ABFB7E /* NotoSans_SemiCondensed-Light.ttf in Resources */ = {isa = PBXBuildFile; fileRef = 89513AF6267E430A82A839F4 /* NotoSans_SemiCondensed-Light.ttf */; };
		550678CC552C454BB78A27D4 /* NotoSans_SemiCondensed-LightItalic.ttf in Resources */ = {isa = PBXBuildFile; fileRef = 7C676367EB7B413C89B4A665 /* NotoSans_SemiCondensed-LightItalic.ttf */; };
		018030A229AC497CBD97C525 /* NotoSans_SemiCondensed-Medium.ttf in Resources */ = {isa = PBXBuildFile; fileRef = F5B97FA0433741E1A9BC333B /* NotoSans_SemiCondensed-Medium.ttf */; };
		59EF9D0696F24AF193023C6E /* NotoSans_SemiCondensed-MediumItalic.ttf in Resources */ = {isa = PBXBuildFile; fileRef = 99C0037E4ABE4114857454EA /* NotoSans_SemiCondensed-MediumItalic.ttf */; };
		A7A3E8B9A8244157A54A86C6 /* NotoSans_SemiCondensed-Regular.ttf in Resources */ = {isa = PBXBuildFile; fileRef = 237308FB361841F095D4BC20 /* NotoSans_SemiCondensed-Regular.ttf */; };
		F68D51A12F644FD493CB0CAB /* NotoSans_SemiCondensed-SemiBold.ttf in Resources */ = {isa = PBXBuildFile; fileRef = 5D5EA710115547F7AF875F2E /* NotoSans_SemiCondensed-SemiBold.ttf */; };
		A8FB27B3432C4526A458D01D /* NotoSans_SemiCondensed-SemiBoldItalic.ttf in Resources */ = {isa = PBXBuildFile; fileRef = 4B86F13B10EA4BD99225227A /* NotoSans_SemiCondensed-SemiBoldItalic.ttf */; };
		341576DE6218441AB77584B5 /* NotoSans_SemiCondensed-Thin.ttf in Resources */ = {isa = PBXBuildFile; fileRef = C82157C4886244A2A6D7728E /* NotoSans_SemiCondensed-Thin.ttf */; };
		C1DC680E57CF4B7190F0A055 /* NotoSans_SemiCondensed-ThinItalic.ttf in Resources */ = {isa = PBXBuildFile; fileRef = C4CE3C41FDC54456A913D28E /* NotoSans_SemiCondensed-ThinItalic.ttf */; };
/* End PBXBuildFile section */

/* Begin PBXContainerItemProxy section */
		00E356F41AD99517003FC87E /* PBXContainerItemProxy */ = {
			isa = PBXContainerItemProxy;
			containerPortal = 83CBB9F71A601CBA00E9B192 /* Project object */;
			proxyType = 1;
			remoteGlobalIDString = 13B07F861A680F5B00A75B9A;
			remoteInfo = mpaspor;
		};
/* End PBXContainerItemProxy section */

/* Begin PBXFileReference section */
		00E356F11AD99517003FC87E /* Info.plist */ = {isa = PBXFileReference; lastKnownFileType = text.plist.xml; path = Info.plist; sourceTree = "<group>"; };
		13B07F961A680F5B00A75B9A /* mpaspor.app */ = {isa = PBXFileReference; explicitFileType = wrapper.application; includeInIndex = 0; path = mpaspor.app; sourceTree = BUILT_PRODUCTS_DIR; };
		13B07FB51A68108700A75B9A /* Images.xcassets */ = {isa = PBXFileReference; lastKnownFileType = folder.assetcatalog; name = Images.xcassets; path = mpaspor/Images.xcassets; sourceTree = "<group>"; };
		13B07FB61A68108700A75B9A /* Info.plist */ = {isa = PBXFileReference; fileEncoding = 4; lastKnownFileType = text.plist.xml; name = Info.plist; path = mpaspor/Info.plist; sourceTree = "<group>"; };
		13B07FB81A68108700A75B9A /* PrivacyInfo.xcprivacy */ = {isa = PBXFileReference; fileEncoding = 4; lastKnownFileType = text.plist.xml; name = PrivacyInfo.xcprivacy; path = mpaspor/PrivacyInfo.xcprivacy; sourceTree = "<group>"; };
		3B4392A12AC88292D35C810B /* Pods-mpaspor.debug.xcconfig */ = {isa = PBXFileReference; includeInIndex = 1; lastKnownFileType = text.xcconfig; name = "Pods-mpaspor.debug.xcconfig"; path = "Target Support Files/Pods-mpaspor/Pods-mpaspor.debug.xcconfig"; sourceTree = "<group>"; };
		5709B34CF0A7D63546082F79 /* Pods-mpaspor.release.xcconfig */ = {isa = PBXFileReference; includeInIndex = 1; lastKnownFileType = text.xcconfig; name = "Pods-mpaspor.release.xcconfig"; path = "Target Support Files/Pods-mpaspor/Pods-mpaspor.release.xcconfig"; sourceTree = "<group>"; };
		5DCACB8F33CDC322A6C60F78 /* libPods-mpaspor.a */ = {isa = PBXFileReference; explicitFileType = archive.ar; includeInIndex = 0; path = "libPods-mpaspor.a"; sourceTree = BUILT_PRODUCTS_DIR; };
		761780EC2CA45674006654EE /* AppDelegate.swift */ = {isa = PBXFileReference; lastKnownFileType = sourcecode.swift; name = AppDelegate.swift; path = mpaspor/AppDelegate.swift; sourceTree = "<group>"; };
		81AB9BB72411601600AC10FF /* LaunchScreen.storyboard */ = {isa = PBXFileReference; fileEncoding = 4; lastKnownFileType = file.storyboard; name = LaunchScreen.storyboard; path = mpaspor/LaunchScreen.storyboard; sourceTree = "<group>"; };
		ED297162215061F000B7C4FE /* JavaScriptCore.framework */ = {isa = PBXFileReference; lastKnownFileType = wrapper.framework; name = JavaScriptCore.framework; path = System/Library/Frameworks/JavaScriptCore.framework; sourceTree = SDKROOT; };
		3E04D39223E34B76B5924912 /* NotoSans-Black.ttf */ = {isa = PBXFileReference; name = "NotoSans-Black.ttf"; path = "../assets/fonts/NotoSans-Black.ttf"; sourceTree = "<group>"; fileEncoding = undefined; lastKnownFileType = unknown; explicitFileType = undefined; includeInIndex = 0; };
		387647589F2E4609A2AAE3D2 /* NotoSans-BlackItalic.ttf */ = {isa = PBXFileReference; name = "NotoSans-BlackItalic.ttf"; path = "../assets/fonts/NotoSans-BlackItalic.ttf"; sourceTree = "<group>"; fileEncoding = undefined; lastKnownFileType = unknown; explicitFileType = undefined; includeInIndex = 0; };
		C114C3F71AA04B778369EA89 /* NotoSans-Bold.ttf */ = {isa = PBXFileReference; name = "NotoSans-Bold.ttf"; path = "../assets/fonts/NotoSans-Bold.ttf"; sourceTree = "<group>"; fileEncoding = undefined; lastKnownFileType = unknown; explicitFileType = undefined; includeInIndex = 0; };
		9675AF4AE623457DA439469F /* NotoSans-BoldItalic.ttf */ = {isa = PBXFileReference; name = "NotoSans-BoldItalic.ttf"; path = "../assets/fonts/NotoSans-BoldItalic.ttf"; sourceTree = "<group>"; fileEncoding = undefined; lastKnownFileType = unknown; explicitFileType = undefined; includeInIndex = 0; };
		540C63F381574B83AD80E694 /* NotoSans-ExtraBold.ttf */ = {isa = PBXFileReference; name = "NotoSans-ExtraBold.ttf"; path = "../assets/fonts/NotoSans-ExtraBold.ttf"; sourceTree = "<group>"; fileEncoding = undefined; lastKnownFileType = unknown; explicitFileType = undefined; includeInIndex = 0; };
		5B9C25EB27EB426CA307D054 /* NotoSans-ExtraBoldItalic.ttf */ = {isa = PBXFileReference; name = "NotoSans-ExtraBoldItalic.ttf"; path = "../assets/fonts/NotoSans-ExtraBoldItalic.ttf"; sourceTree = "<group>"; fileEncoding = undefined; lastKnownFileType = unknown; explicitFileType = undefined; includeInIndex = 0; };
		6D0E0E916D894072B379D1A6 /* NotoSans-ExtraLight.ttf */ = {isa = PBXFileReference; name = "NotoSans-ExtraLight.ttf"; path = "../assets/fonts/NotoSans-ExtraLight.ttf"; sourceTree = "<group>"; fileEncoding = undefined; lastKnownFileType = unknown; explicitFileType = undefined; includeInIndex = 0; };
		0407698A36C645E89ECEE46A /* NotoSans-ExtraLightItalic.ttf */ = {isa = PBXFileReference; name = "NotoSans-ExtraLightItalic.ttf"; path = "../assets/fonts/NotoSans-ExtraLightItalic.ttf"; sourceTree = "<group>"; fileEncoding = undefined; lastKnownFileType = unknown; explicitFileType = undefined; includeInIndex = 0; };
		89E495E1B8B1403DBE9B3C18 /* NotoSans-Italic.ttf */ = {isa = PBXFileReference; name = "NotoSans-Italic.ttf"; path = "../assets/fonts/NotoSans-Italic.ttf"; sourceTree = "<group>"; fileEncoding = undefined; lastKnownFileType = unknown; explicitFileType = undefined; includeInIndex = 0; };
		981C1B1736F444ABA63EA8B3 /* NotoSans-Light.ttf */ = {isa = PBXFileReference; name = "NotoSans-Light.ttf"; path = "../assets/fonts/NotoSans-Light.ttf"; sourceTree = "<group>"; fileEncoding = undefined; lastKnownFileType = unknown; explicitFileType = undefined; includeInIndex = 0; };
		9810080F44BB45AF9E271B95 /* NotoSans-LightItalic.ttf */ = {isa = PBXFileReference; name = "NotoSans-LightItalic.ttf"; path = "../assets/fonts/NotoSans-LightItalic.ttf"; sourceTree = "<group>"; fileEncoding = undefined; lastKnownFileType = unknown; explicitFileType = undefined; includeInIndex = 0; };
		BC657944C69C450F8CBDCE65 /* NotoSans-Medium.ttf */ = {isa = PBXFileReference; name = "NotoSans-Medium.ttf"; path = "../assets/fonts/NotoSans-Medium.ttf"; sourceTree = "<group>"; fileEncoding = undefined; lastKnownFileType = unknown; explicitFileType = undefined; includeInIndex = 0; };
		306D5A08D36A4FD3A2D60AA6 /* NotoSans-MediumItalic.ttf */ = {isa = PBXFileReference; name = "NotoSans-MediumItalic.ttf"; path = "../assets/fonts/NotoSans-MediumItalic.ttf"; sourceTree = "<group>"; fileEncoding = undefined; lastKnownFileType = unknown; explicitFileType = undefined; includeInIndex = 0; };
		FB70298C3DDE435593072128 /* NotoSans-Regular.ttf */ = {isa = PBXFileReference; name = "NotoSans-Regular.ttf"; path = "../assets/fonts/NotoSans-Regular.ttf"; sourceTree = "<group>"; fileEncoding = undefined; lastKnownFileType = unknown; explicitFileType = undefined; includeInIndex = 0; };
		B4805B39BE79459DBF47199C /* NotoSans-SemiBold.ttf */ = {isa = PBXFileReference; name = "NotoSans-SemiBold.ttf"; path = "../assets/fonts/NotoSans-SemiBold.ttf"; sourceTree = "<group>"; fileEncoding = undefined; lastKnownFileType = unknown; explicitFileType = undefined; includeInIndex = 0; };
		9A4F5DBEC4C043D399F4AD09 /* NotoSans-SemiBoldItalic.ttf */ = {isa = PBXFileReference; name = "NotoSans-SemiBoldItalic.ttf"; path = "../assets/fonts/NotoSans-SemiBoldItalic.ttf"; sourceTree = "<group>"; fileEncoding = undefined; lastKnownFileType = unknown; explicitFileType = undefined; includeInIndex = 0; };
		2BA758DFF5F34ACABB6EE75B /* NotoSans-Thin.ttf */ = {isa = PBXFileReference; name = "NotoSans-Thin.ttf"; path = "../assets/fonts/NotoSans-Thin.ttf"; sourceTree = "<group>"; fileEncoding = undefined; lastKnownFileType = unknown; explicitFileType = undefined; includeInIndex = 0; };
		2B68B3AD2C4C407C91F69A1C /* NotoSans-ThinItalic.ttf */ = {isa = PBXFileReference; name = "NotoSans-ThinItalic.ttf"; path = "../assets/fonts/NotoSans-ThinItalic.ttf"; sourceTree = "<group>"; fileEncoding = undefined; lastKnownFileType = unknown; explicitFileType = undefined; includeInIndex = 0; };
		51B2BAA003544315B3E4617C /* NotoSans_Condensed-Black.ttf */ = {isa = PBXFileReference; name = "NotoSans_Condensed-Black.ttf"; path = "../assets/fonts/NotoSans_Condensed-Black.ttf"; sourceTree = "<group>"; fileEncoding = undefined; lastKnownFileType = unknown; explicitFileType = undefined; includeInIndex = 0; };
		869814428B704007B4D0B145 /* NotoSans_Condensed-BlackItalic.ttf */ = {isa = PBXFileReference; name = "NotoSans_Condensed-BlackItalic.ttf"; path = "../assets/fonts/NotoSans_Condensed-BlackItalic.ttf"; sourceTree = "<group>"; fileEncoding = undefined; lastKnownFileType = unknown; explicitFileType = undefined; includeInIndex = 0; };
		F7EF8E3D480F4077B28318E6 /* NotoSans_Condensed-Bold.ttf */ = {isa = PBXFileReference; name = "NotoSans_Condensed-Bold.ttf"; path = "../assets/fonts/NotoSans_Condensed-Bold.ttf"; sourceTree = "<group>"; fileEncoding = undefined; lastKnownFileType = unknown; explicitFileType = undefined; includeInIndex = 0; };
		0070E7DA12E345B9BFDCAEAD /* NotoSans_Condensed-BoldItalic.ttf */ = {isa = PBXFileReference; name = "NotoSans_Condensed-BoldItalic.ttf"; path = "../assets/fonts/NotoSans_Condensed-BoldItalic.ttf"; sourceTree = "<group>"; fileEncoding = undefined; lastKnownFileType = unknown; explicitFileType = undefined; includeInIndex = 0; };
		5C1274B686464220BFCBE2D9 /* NotoSans_Condensed-ExtraBold.ttf */ = {isa = PBXFileReference; name = "NotoSans_Condensed-ExtraBold.ttf"; path = "../assets/fonts/NotoSans_Condensed-ExtraBold.ttf"; sourceTree = "<group>"; fileEncoding = undefined; lastKnownFileType = unknown; explicitFileType = undefined; includeInIndex = 0; };
		B1BAB27ADCCE4EAFB01AF108 /* NotoSans_Condensed-ExtraBoldItalic.ttf */ = {isa = PBXFileReference; name = "NotoSans_Condensed-ExtraBoldItalic.ttf"; path = "../assets/fonts/NotoSans_Condensed-ExtraBoldItalic.ttf"; sourceTree = "<group>"; fileEncoding = undefined; lastKnownFileType = unknown; explicitFileType = undefined; includeInIndex = 0; };
		0C6D6EFE50AF468980A2BA9E /* NotoSans_Condensed-ExtraLight.ttf */ = {isa = PBXFileReference; name = "NotoSans_Condensed-ExtraLight.ttf"; path = "../assets/fonts/NotoSans_Condensed-ExtraLight.ttf"; sourceTree = "<group>"; fileEncoding = undefined; lastKnownFileType = unknown; explicitFileType = undefined; includeInIndex = 0; };
		A7D6B4AB8DB546B58352462D /* NotoSans_Condensed-ExtraLightItalic.ttf */ = {isa = PBXFileReference; name = "NotoSans_Condensed-ExtraLightItalic.ttf"; path = "../assets/fonts/NotoSans_Condensed-ExtraLightItalic.ttf"; sourceTree = "<group>"; fileEncoding = undefined; lastKnownFileType = unknown; explicitFileType = undefined; includeInIndex = 0; };
		1C5321370EBB45AE81411009 /* NotoSans_Condensed-Italic.ttf */ = {isa = PBXFileReference; name = "NotoSans_Condensed-Italic.ttf"; path = "../assets/fonts/NotoSans_Condensed-Italic.ttf"; sourceTree = "<group>"; fileEncoding = undefined; lastKnownFileType = unknown; explicitFileType = undefined; includeInIndex = 0; };
		2E47D868B0184559BDF5E5E9 /* NotoSans_Condensed-Light.ttf */ = {isa = PBXFileReference; name = "NotoSans_Condensed-Light.ttf"; path = "../assets/fonts/NotoSans_Condensed-Light.ttf"; sourceTree = "<group>"; fileEncoding = undefined; lastKnownFileType = unknown; explicitFileType = undefined; includeInIndex = 0; };
		296396037F08461E99AF7AFC /* NotoSans_Condensed-LightItalic.ttf */ = {isa = PBXFileReference; name = "NotoSans_Condensed-LightItalic.ttf"; path = "../assets/fonts/NotoSans_Condensed-LightItalic.ttf"; sourceTree = "<group>"; fileEncoding = undefined; lastKnownFileType = unknown; explicitFileType = undefined; includeInIndex = 0; };
		9E1A51AD43A340808D96C36E /* NotoSans_Condensed-Medium.ttf */ = {isa = PBXFileReference; name = "NotoSans_Condensed-Medium.ttf"; path = "../assets/fonts/NotoSans_Condensed-Medium.ttf"; sourceTree = "<group>"; fileEncoding = undefined; lastKnownFileType = unknown; explicitFileType = undefined; includeInIndex = 0; };
		4019D9A927784261B56E8BE1 /* NotoSans_Condensed-MediumItalic.ttf */ = {isa = PBXFileReference; name = "NotoSans_Condensed-MediumItalic.ttf"; path = "../assets/fonts/NotoSans_Condensed-MediumItalic.ttf"; sourceTree = "<group>"; fileEncoding = undefined; lastKnownFileType = unknown; explicitFileType = undefined; includeInIndex = 0; };
		CE27CD0F1BD3480B9683B0BB /* NotoSans_Condensed-Regular.ttf */ = {isa = PBXFileReference; name = "NotoSans_Condensed-Regular.ttf"; path = "../assets/fonts/NotoSans_Condensed-Regular.ttf"; sourceTree = "<group>"; fileEncoding = undefined; lastKnownFileType = unknown; explicitFileType = undefined; includeInIndex = 0; };
		5A7A06AE0711424EA2CC089F /* NotoSans_Condensed-SemiBold.ttf */ = {isa = PBXFileReference; name = "NotoSans_Condensed-SemiBold.ttf"; path = "../assets/fonts/NotoSans_Condensed-SemiBold.ttf"; sourceTree = "<group>"; fileEncoding = undefined; lastKnownFileType = unknown; explicitFileType = undefined; includeInIndex = 0; };
		71F8BFFE6F5246219F9DC0F7 /* NotoSans_Condensed-SemiBoldItalic.ttf */ = {isa = PBXFileReference; name = "NotoSans_Condensed-SemiBoldItalic.ttf"; path = "../assets/fonts/NotoSans_Condensed-SemiBoldItalic.ttf"; sourceTree = "<group>"; fileEncoding = undefined; lastKnownFileType = unknown; explicitFileType = undefined; includeInIndex = 0; };
		76FE0CF9610448C083902876 /* NotoSans_Condensed-Thin.ttf */ = {isa = PBXFileReference; name = "NotoSans_Condensed-Thin.ttf"; path = "../assets/fonts/NotoSans_Condensed-Thin.ttf"; sourceTree = "<group>"; fileEncoding = undefined; lastKnownFileType = unknown; explicitFileType = undefined; includeInIndex = 0; };
		41D0B635E23947059D1CF2C6 /* NotoSans_Condensed-ThinItalic.ttf */ = {isa = PBXFileReference; name = "NotoSans_Condensed-ThinItalic.ttf"; path = "../assets/fonts/NotoSans_Condensed-ThinItalic.ttf"; sourceTree = "<group>"; fileEncoding = undefined; lastKnownFileType = unknown; explicitFileType = undefined; includeInIndex = 0; };
		E6EEE80D4B2F47BB8FA78157 /* NotoSans_ExtraCondensed-Black.ttf */ = {isa = PBXFileReference; name = "NotoSans_ExtraCondensed-Black.ttf"; path = "../assets/fonts/NotoSans_ExtraCondensed-Black.ttf"; sourceTree = "<group>"; fileEncoding = undefined; lastKnownFileType = unknown; explicitFileType = undefined; includeInIndex = 0; };
		E7FC30F8FA1C44A1BDE3461A /* NotoSans_ExtraCondensed-BlackItalic.ttf */ = {isa = PBXFileReference; name = "NotoSans_ExtraCondensed-BlackItalic.ttf"; path = "../assets/fonts/NotoSans_ExtraCondensed-BlackItalic.ttf"; sourceTree = "<group>"; fileEncoding = undefined; lastKnownFileType = unknown; explicitFileType = undefined; includeInIndex = 0; };
		2EBFAEEF25AA42BAB9EC869D /* NotoSans_ExtraCondensed-Bold.ttf */ = {isa = PBXFileReference; name = "NotoSans_ExtraCondensed-Bold.ttf"; path = "../assets/fonts/NotoSans_ExtraCondensed-Bold.ttf"; sourceTree = "<group>"; fileEncoding = undefined; lastKnownFileType = unknown; explicitFileType = undefined; includeInIndex = 0; };
		2D5B8FBD021A4E7A8BC24C19 /* NotoSans_ExtraCondensed-BoldItalic.ttf */ = {isa = PBXFileReference; name = "NotoSans_ExtraCondensed-BoldItalic.ttf"; path = "../assets/fonts/NotoSans_ExtraCondensed-BoldItalic.ttf"; sourceTree = "<group>"; fileEncoding = undefined; lastKnownFileType = unknown; explicitFileType = undefined; includeInIndex = 0; };
		0A1AA61449FA4E698D9EAD0C /* NotoSans_ExtraCondensed-ExtraBold.ttf */ = {isa = PBXFileReference; name = "NotoSans_ExtraCondensed-ExtraBold.ttf"; path = "../assets/fonts/NotoSans_ExtraCondensed-ExtraBold.ttf"; sourceTree = "<group>"; fileEncoding = undefined; lastKnownFileType = unknown; explicitFileType = undefined; includeInIndex = 0; };
		FDC32FD5C6CE466E8B6950DB /* NotoSans_ExtraCondensed-ExtraBoldItalic.ttf */ = {isa = PBXFileReference; name = "NotoSans_ExtraCondensed-ExtraBoldItalic.ttf"; path = "../assets/fonts/NotoSans_ExtraCondensed-ExtraBoldItalic.ttf"; sourceTree = "<group>"; fileEncoding = undefined; lastKnownFileType = unknown; explicitFileType = undefined; includeInIndex = 0; };
		F7945520A406472284207CF7 /* NotoSans_ExtraCondensed-ExtraLight.ttf */ = {isa = PBXFileReference; name = "NotoSans_ExtraCondensed-ExtraLight.ttf"; path = "../assets/fonts/NotoSans_ExtraCondensed-ExtraLight.ttf"; sourceTree = "<group>"; fileEncoding = undefined; lastKnownFileType = unknown; explicitFileType = undefined; includeInIndex = 0; };
		AEAD78DC746948D4991E047C /* NotoSans_ExtraCondensed-ExtraLightItalic.ttf */ = {isa = PBXFileReference; name = "NotoSans_ExtraCondensed-ExtraLightItalic.ttf"; path = "../assets/fonts/NotoSans_ExtraCondensed-ExtraLightItalic.ttf"; sourceTree = "<group>"; fileEncoding = undefined; lastKnownFileType = unknown; explicitFileType = undefined; includeInIndex = 0; };
		AFA4940261534AA39B9CD270 /* NotoSans_ExtraCondensed-Italic.ttf */ = {isa = PBXFileReference; name = "NotoSans_ExtraCondensed-Italic.ttf"; path = "../assets/fonts/NotoSans_ExtraCondensed-Italic.ttf"; sourceTree = "<group>"; fileEncoding = undefined; lastKnownFileType = unknown; explicitFileType = undefined; includeInIndex = 0; };
		350B2043EDCF4BAB8870796E /* NotoSans_ExtraCondensed-Light.ttf */ = {isa = PBXFileReference; name = "NotoSans_ExtraCondensed-Light.ttf"; path = "../assets/fonts/NotoSans_ExtraCondensed-Light.ttf"; sourceTree = "<group>"; fileEncoding = undefined; lastKnownFileType = unknown; explicitFileType = undefined; includeInIndex = 0; };
		1E312E62C57E4916B811AE4A /* NotoSans_ExtraCondensed-LightItalic.ttf */ = {isa = PBXFileReference; name = "NotoSans_ExtraCondensed-LightItalic.ttf"; path = "../assets/fonts/NotoSans_ExtraCondensed-LightItalic.ttf"; sourceTree = "<group>"; fileEncoding = undefined; lastKnownFileType = unknown; explicitFileType = undefined; includeInIndex = 0; };
		CC7766C9F8434BD3AE675547 /* NotoSans_ExtraCondensed-Medium.ttf */ = {isa = PBXFileReference; name = "NotoSans_ExtraCondensed-Medium.ttf"; path = "../assets/fonts/NotoSans_ExtraCondensed-Medium.ttf"; sourceTree = "<group>"; fileEncoding = undefined; lastKnownFileType = unknown; explicitFileType = undefined; includeInIndex = 0; };
		A7B6B69713B7467DA6395064 /* NotoSans_ExtraCondensed-MediumItalic.ttf */ = {isa = PBXFileReference; name = "NotoSans_ExtraCondensed-MediumItalic.ttf"; path = "../assets/fonts/NotoSans_ExtraCondensed-MediumItalic.ttf"; sourceTree = "<group>"; fileEncoding = undefined; lastKnownFileType = unknown; explicitFileType = undefined; includeInIndex = 0; };
		DD739AD811BA4F2CA5AECED9 /* NotoSans_ExtraCondensed-Regular.ttf */ = {isa = PBXFileReference; name = "NotoSans_ExtraCondensed-Regular.ttf"; path = "../assets/fonts/NotoSans_ExtraCondensed-Regular.ttf"; sourceTree = "<group>"; fileEncoding = undefined; lastKnownFileType = unknown; explicitFileType = undefined; includeInIndex = 0; };
		6A5C5E1ACFF34E758EB6D1F1 /* NotoSans_ExtraCondensed-SemiBold.ttf */ = {isa = PBXFileReference; name = "NotoSans_ExtraCondensed-SemiBold.ttf"; path = "../assets/fonts/NotoSans_ExtraCondensed-SemiBold.ttf"; sourceTree = "<group>"; fileEncoding = undefined; lastKnownFileType = unknown; explicitFileType = undefined; includeInIndex = 0; };
		95EB6F2F20F24550A3DE73F2 /* NotoSans_ExtraCondensed-SemiBoldItalic.ttf */ = {isa = PBXFileReference; name = "NotoSans_ExtraCondensed-SemiBoldItalic.ttf"; path = "../assets/fonts/NotoSans_ExtraCondensed-SemiBoldItalic.ttf"; sourceTree = "<group>"; fileEncoding = undefined; lastKnownFileType = unknown; explicitFileType = undefined; includeInIndex = 0; };
		B46C4579A7CC4F5CB68265EA /* NotoSans_ExtraCondensed-Thin.ttf */ = {isa = PBXFileReference; name = "NotoSans_ExtraCondensed-Thin.ttf"; path = "../assets/fonts/NotoSans_ExtraCondensed-Thin.ttf"; sourceTree = "<group>"; fileEncoding = undefined; lastKnownFileType = unknown; explicitFileType = undefined; includeInIndex = 0; };
		AE17D22089D441AC89F643BD /* NotoSans_ExtraCondensed-ThinItalic.ttf */ = {isa = PBXFileReference; name = "NotoSans_ExtraCondensed-ThinItalic.ttf"; path = "../assets/fonts/NotoSans_ExtraCondensed-ThinItalic.ttf"; sourceTree = "<group>"; fileEncoding = undefined; lastKnownFileType = unknown; explicitFileType = undefined; includeInIndex = 0; };
		B150E7DEFD7F476BA0B11D46 /* NotoSans_SemiCondensed-Black.ttf */ = {isa = PBXFileReference; name = "NotoSans_SemiCondensed-Black.ttf"; path = "../assets/fonts/NotoSans_SemiCondensed-Black.ttf"; sourceTree = "<group>"; fileEncoding = undefined; lastKnownFileType = unknown; explicitFileType = undefined; includeInIndex = 0; };
		5EE0CB7DD07B4E1C9151BE2B /* NotoSans_SemiCondensed-BlackItalic.ttf */ = {isa = PBXFileReference; name = "NotoSans_SemiCondensed-BlackItalic.ttf"; path = "../assets/fonts/NotoSans_SemiCondensed-BlackItalic.ttf"; sourceTree = "<group>"; fileEncoding = undefined; lastKnownFileType = unknown; explicitFileType = undefined; includeInIndex = 0; };
		20DE3E556C0744C381959A7F /* NotoSans_SemiCondensed-Bold.ttf */ = {isa = PBXFileReference; name = "NotoSans_SemiCondensed-Bold.ttf"; path = "../assets/fonts/NotoSans_SemiCondensed-Bold.ttf"; sourceTree = "<group>"; fileEncoding = undefined; lastKnownFileType = unknown; explicitFileType = undefined; includeInIndex = 0; };
		C182B410FF2843ECA3C54FA5 /* NotoSans_SemiCondensed-BoldItalic.ttf */ = {isa = PBXFileReference; name = "NotoSans_SemiCondensed-BoldItalic.ttf"; path = "../assets/fonts/NotoSans_SemiCondensed-BoldItalic.ttf"; sourceTree = "<group>"; fileEncoding = undefined; lastKnownFileType = unknown; explicitFileType = undefined; includeInIndex = 0; };
		8F6B29F0B5B0422F915B82E3 /* NotoSans_SemiCondensed-ExtraBold.ttf */ = {isa = PBXFileReference; name = "NotoSans_SemiCondensed-ExtraBold.ttf"; path = "../assets/fonts/NotoSans_SemiCondensed-ExtraBold.ttf"; sourceTree = "<group>"; fileEncoding = undefined; lastKnownFileType = unknown; explicitFileType = undefined; includeInIndex = 0; };
		0E72669D8E5A4AD2B67FD8B5 /* NotoSans_SemiCondensed-ExtraBoldItalic.ttf */ = {isa = PBXFileReference; name = "NotoSans_SemiCondensed-ExtraBoldItalic.ttf"; path = "../assets/fonts/NotoSans_SemiCondensed-ExtraBoldItalic.ttf"; sourceTree = "<group>"; fileEncoding = undefined; lastKnownFileType = unknown; explicitFileType = undefined; includeInIndex = 0; };
		124F2DF781294D1DBDE6C49F /* NotoSans_SemiCondensed-ExtraLight.ttf */ = {isa = PBXFileReference; name = "NotoSans_SemiCondensed-ExtraLight.ttf"; path = "../assets/fonts/NotoSans_SemiCondensed-ExtraLight.ttf"; sourceTree = "<group>"; fileEncoding = undefined; lastKnownFileType = unknown; explicitFileType = undefined; includeInIndex = 0; };
		D2C29BD9DEE14930930E3881 /* NotoSans_SemiCondensed-ExtraLightItalic.ttf */ = {isa = PBXFileReference; name = "NotoSans_SemiCondensed-ExtraLightItalic.ttf"; path = "../assets/fonts/NotoSans_SemiCondensed-ExtraLightItalic.ttf"; sourceTree = "<group>"; fileEncoding = undefined; lastKnownFileType = unknown; explicitFileType = undefined; includeInIndex = 0; };
		457ABC5BB7C0482F8368D513 /* NotoSans_SemiCondensed-Italic.ttf */ = {isa = PBXFileReference; name = "NotoSans_SemiCondensed-Italic.ttf"; path = "../assets/fonts/NotoSans_SemiCondensed-Italic.ttf"; sourceTree = "<group>"; fileEncoding = undefined; lastKnownFileType = unknown; explicitFileType = undefined; includeInIndex = 0; };
		89513AF6267E430A82A839F4 /* NotoSans_SemiCondensed-Light.ttf */ = {isa = PBXFileReference; name = "NotoSans_SemiCondensed-Light.ttf"; path = "../assets/fonts/NotoSans_SemiCondensed-Light.ttf"; sourceTree = "<group>"; fileEncoding = undefined; lastKnownFileType = unknown; explicitFileType = undefined; includeInIndex = 0; };
		7C676367EB7B413C89B4A665 /* NotoSans_SemiCondensed-LightItalic.ttf */ = {isa = PBXFileReference; name = "NotoSans_SemiCondensed-LightItalic.ttf"; path = "../assets/fonts/NotoSans_SemiCondensed-LightItalic.ttf"; sourceTree = "<group>"; fileEncoding = undefined; lastKnownFileType = unknown; explicitFileType = undefined; includeInIndex = 0; };
		F5B97FA0433741E1A9BC333B /* NotoSans_SemiCondensed-Medium.ttf */ = {isa = PBXFileReference; name = "NotoSans_SemiCondensed-Medium.ttf"; path = "../assets/fonts/NotoSans_SemiCondensed-Medium.ttf"; sourceTree = "<group>"; fileEncoding = undefined; lastKnownFileType = unknown; explicitFileType = undefined; includeInIndex = 0; };
		99C0037E4ABE4114857454EA /* NotoSans_SemiCondensed-MediumItalic.ttf */ = {isa = PBXFileReference; name = "NotoSans_SemiCondensed-MediumItalic.ttf"; path = "../assets/fonts/NotoSans_SemiCondensed-MediumItalic.ttf"; sourceTree = "<group>"; fileEncoding = undefined; lastKnownFileType = unknown; explicitFileType = undefined; includeInIndex = 0; };
		237308FB361841F095D4BC20 /* NotoSans_SemiCondensed-Regular.ttf */ = {isa = PBXFileReference; name = "NotoSans_SemiCondensed-Regular.ttf"; path = "../assets/fonts/NotoSans_SemiCondensed-Regular.ttf"; sourceTree = "<group>"; fileEncoding = undefined; lastKnownFileType = unknown; explicitFileType = undefined; includeInIndex = 0; };
		5D5EA710115547F7AF875F2E /* NotoSans_SemiCondensed-SemiBold.ttf */ = {isa = PBXFileReference; name = "NotoSans_SemiCondensed-SemiBold.ttf"; path = "../assets/fonts/NotoSans_SemiCondensed-SemiBold.ttf"; sourceTree = "<group>"; fileEncoding = undefined; lastKnownFileType = unknown; explicitFileType = undefined; includeInIndex = 0; };
		4B86F13B10EA4BD99225227A /* NotoSans_SemiCondensed-SemiBoldItalic.ttf */ = {isa = PBXFileReference; name = "NotoSans_SemiCondensed-SemiBoldItalic.ttf"; path = "../assets/fonts/NotoSans_SemiCondensed-SemiBoldItalic.ttf"; sourceTree = "<group>"; fileEncoding = undefined; lastKnownFileType = unknown; explicitFileType = undefined; includeInIndex = 0; };
		C82157C4886244A2A6D7728E /* NotoSans_SemiCondensed-Thin.ttf */ = {isa = PBXFileReference; name = "NotoSans_SemiCondensed-Thin.ttf"; path = "../assets/fonts/NotoSans_SemiCondensed-Thin.ttf"; sourceTree = "<group>"; fileEncoding = undefined; lastKnownFileType = unknown; explicitFileType = undefined; includeInIndex = 0; };
		C4CE3C41FDC54456A913D28E /* NotoSans_SemiCondensed-ThinItalic.ttf */ = {isa = PBXFileReference; name = "NotoSans_SemiCondensed-ThinItalic.ttf"; path = "../assets/fonts/NotoSans_SemiCondensed-ThinItalic.ttf"; sourceTree = "<group>"; fileEncoding = undefined; lastKnownFileType = unknown; explicitFileType = undefined; includeInIndex = 0; };
/* End PBXFileReference section */

/* Begin PBXFrameworksBuildPhase section */
		13B07F8C1A680F5B00A75B9A /* Frameworks */ = {
			isa = PBXFrameworksBuildPhase;
			buildActionMask = 2147483647;
			files = (
				0C80B921A6F3F58F76C31292 /* libPods-mpaspor.a in Frameworks */,
			);
			runOnlyForDeploymentPostprocessing = 0;
		};
/* End PBXFrameworksBuildPhase section */

/* Begin PBXGroup section */
		00E356F01AD99517003FC87E /* Supporting Files */ = {
			isa = PBXGroup;
			children = (
				00E356F11AD99517003FC87E /* Info.plist */,
			);
			name = "Supporting Files";
			sourceTree = "<group>";
		};
		13B07FAE1A68108700A75B9A /* mpaspor */ = {
			isa = PBXGroup;
			children = (
				13B07FB51A68108700A75B9A /* Images.xcassets */,
				761780EC2CA45674006654EE /* AppDelegate.swift */,
				13B07FB61A68108700A75B9A /* Info.plist */,
				81AB9BB72411601600AC10FF /* LaunchScreen.storyboard */,
				13B07FB81A68108700A75B9A /* PrivacyInfo.xcprivacy */,
			);
			name = mpaspor;
			sourceTree = "<group>";
		};
		2D16E6871FA4F8E400B85C8A /* Frameworks */ = {
			isa = PBXGroup;
			children = (
				ED297162215061F000B7C4FE /* JavaScriptCore.framework */,
				5DCACB8F33CDC322A6C60F78 /* libPods-mpaspor.a */,
			);
			name = Frameworks;
			sourceTree = "<group>";
		};
		832341AE1AAA6A7D00B99B32 /* Libraries */ = {
			isa = PBXGroup;
			children = (
			);
			name = Libraries;
			sourceTree = "<group>";
		};
		83CBB9F61A601CBA00E9B192 = {
			isa = PBXGroup;
			children = (
				13B07FAE1A68108700A75B9A /* mpaspor */,
				832341AE1AAA6A7D00B99B32 /* Libraries */,
				83CBBA001A601CBA00E9B192 /* Products */,
				2D16E6871FA4F8E400B85C8A /* Frameworks */,
				BBD78D7AC51CEA395F1C20DB /* Pods */,
				083C96CAD0EC48C5B831895C /* Resources */,
			);
			indentWidth = 2;
			sourceTree = "<group>";
			tabWidth = 2;
			usesTabs = 0;
		};
		83CBBA001A601CBA00E9B192 /* Products */ = {
			isa = PBXGroup;
			children = (
				13B07F961A680F5B00A75B9A /* mpaspor.app */,
			);
			name = Products;
			sourceTree = "<group>";
		};
		BBD78D7AC51CEA395F1C20DB /* Pods */ = {
			isa = PBXGroup;
			children = (
				3B4392A12AC88292D35C810B /* Pods-mpaspor.debug.xcconfig */,
				5709B34CF0A7D63546082F79 /* Pods-mpaspor.release.xcconfig */,
			);
			path = Pods;
			sourceTree = "<group>";
		};
		083C96CAD0EC48C5B831895C /* Resources */ = {
			isa = "PBXGroup";
			children = (
				3E04D39223E34B76B5924912 /* NotoSans-Black.ttf */,
				387647589F2E4609A2AAE3D2 /* NotoSans-BlackItalic.ttf */,
				C114C3F71AA04B778369EA89 /* NotoSans-Bold.ttf */,
				9675AF4AE623457DA439469F /* NotoSans-BoldItalic.ttf */,
				540C63F381574B83AD80E694 /* NotoSans-ExtraBold.ttf */,
				5B9C25EB27EB426CA307D054 /* NotoSans-ExtraBoldItalic.ttf */,
				6D0E0E916D894072B379D1A6 /* NotoSans-ExtraLight.ttf */,
				0407698A36C645E89ECEE46A /* NotoSans-ExtraLightItalic.ttf */,
				89E495E1B8B1403DBE9B3C18 /* NotoSans-Italic.ttf */,
				981C1B1736F444ABA63EA8B3 /* NotoSans-Light.ttf */,
				9810080F44BB45AF9E271B95 /* NotoSans-LightItalic.ttf */,
				BC657944C69C450F8CBDCE65 /* NotoSans-Medium.ttf */,
				306D5A08D36A4FD3A2D60AA6 /* NotoSans-MediumItalic.ttf */,
				FB70298C3DDE435593072128 /* NotoSans-Regular.ttf */,
				B4805B39BE79459DBF47199C /* NotoSans-SemiBold.ttf */,
				9A4F5DBEC4C043D399F4AD09 /* NotoSans-SemiBoldItalic.ttf */,
				2BA758DFF5F34ACABB6EE75B /* NotoSans-Thin.ttf */,
				2B68B3AD2C4C407C91F69A1C /* NotoSans-ThinItalic.ttf */,
				51B2BAA003544315B3E4617C /* NotoSans_Condensed-Black.ttf */,
				869814428B704007B4D0B145 /* NotoSans_Condensed-BlackItalic.ttf */,
				F7EF8E3D480F4077B28318E6 /* NotoSans_Condensed-Bold.ttf */,
				0070E7DA12E345B9BFDCAEAD /* NotoSans_Condensed-BoldItalic.ttf */,
				5C1274B686464220BFCBE2D9 /* NotoSans_Condensed-ExtraBold.ttf */,
				B1BAB27ADCCE4EAFB01AF108 /* NotoSans_Condensed-ExtraBoldItalic.ttf */,
				0C6D6EFE50AF468980A2BA9E /* NotoSans_Condensed-ExtraLight.ttf */,
				A7D6B4AB8DB546B58352462D /* NotoSans_Condensed-ExtraLightItalic.ttf */,
				1C5321370EBB45AE81411009 /* NotoSans_Condensed-Italic.ttf */,
				2E47D868B0184559BDF5E5E9 /* NotoSans_Condensed-Light.ttf */,
				296396037F08461E99AF7AFC /* NotoSans_Condensed-LightItalic.ttf */,
				9E1A51AD43A340808D96C36E /* NotoSans_Condensed-Medium.ttf */,
				4019D9A927784261B56E8BE1 /* NotoSans_Condensed-MediumItalic.ttf */,
				CE27CD0F1BD3480B9683B0BB /* NotoSans_Condensed-Regular.ttf */,
				5A7A06AE0711424EA2CC089F /* NotoSans_Condensed-SemiBold.ttf */,
				71F8BFFE6F5246219F9DC0F7 /* NotoSans_Condensed-SemiBoldItalic.ttf */,
				76FE0CF9610448C083902876 /* NotoSans_Condensed-Thin.ttf */,
				41D0B635E23947059D1CF2C6 /* NotoSans_Condensed-ThinItalic.ttf */,
				E6EEE80D4B2F47BB8FA78157 /* NotoSans_ExtraCondensed-Black.ttf */,
				E7FC30F8FA1C44A1BDE3461A /* NotoSans_ExtraCondensed-BlackItalic.ttf */,
				2EBFAEEF25AA42BAB9EC869D /* NotoSans_ExtraCondensed-Bold.ttf */,
				2D5B8FBD021A4E7A8BC24C19 /* NotoSans_ExtraCondensed-BoldItalic.ttf */,
				0A1AA61449FA4E698D9EAD0C /* NotoSans_ExtraCondensed-ExtraBold.ttf */,
				FDC32FD5C6CE466E8B6950DB /* NotoSans_ExtraCondensed-ExtraBoldItalic.ttf */,
				F7945520A406472284207CF7 /* NotoSans_ExtraCondensed-ExtraLight.ttf */,
				AEAD78DC746948D4991E047C /* NotoSans_ExtraCondensed-ExtraLightItalic.ttf */,
				AFA4940261534AA39B9CD270 /* NotoSans_ExtraCondensed-Italic.ttf */,
				350B2043EDCF4BAB8870796E /* NotoSans_ExtraCondensed-Light.ttf */,
				1E312E62C57E4916B811AE4A /* NotoSans_ExtraCondensed-LightItalic.ttf */,
				CC7766C9F8434BD3AE675547 /* NotoSans_ExtraCondensed-Medium.ttf */,
				A7B6B69713B7467DA6395064 /* NotoSans_ExtraCondensed-MediumItalic.ttf */,
				DD739AD811BA4F2CA5AECED9 /* NotoSans_ExtraCondensed-Regular.ttf */,
				6A5C5E1ACFF34E758EB6D1F1 /* NotoSans_ExtraCondensed-SemiBold.ttf */,
				95EB6F2F20F24550A3DE73F2 /* NotoSans_ExtraCondensed-SemiBoldItalic.ttf */,
				B46C4579A7CC4F5CB68265EA /* NotoSans_ExtraCondensed-Thin.ttf */,
				AE17D22089D441AC89F643BD /* NotoSans_ExtraCondensed-ThinItalic.ttf */,
				B150E7DEFD7F476BA0B11D46 /* NotoSans_SemiCondensed-Black.ttf */,
				5EE0CB7DD07B4E1C9151BE2B /* NotoSans_SemiCondensed-BlackItalic.ttf */,
				20DE3E556C0744C381959A7F /* NotoSans_SemiCondensed-Bold.ttf */,
				C182B410FF2843ECA3C54FA5 /* NotoSans_SemiCondensed-BoldItalic.ttf */,
				8F6B29F0B5B0422F915B82E3 /* NotoSans_SemiCondensed-ExtraBold.ttf */,
				0E72669D8E5A4AD2B67FD8B5 /* NotoSans_SemiCondensed-ExtraBoldItalic.ttf */,
				124F2DF781294D1DBDE6C49F /* NotoSans_SemiCondensed-ExtraLight.ttf */,
				D2C29BD9DEE14930930E3881 /* NotoSans_SemiCondensed-ExtraLightItalic.ttf */,
				457ABC5BB7C0482F8368D513 /* NotoSans_SemiCondensed-Italic.ttf */,
				89513AF6267E430A82A839F4 /* NotoSans_SemiCondensed-Light.ttf */,
				7C676367EB7B413C89B4A665 /* NotoSans_SemiCondensed-LightItalic.ttf */,
				F5B97FA0433741E1A9BC333B /* NotoSans_SemiCondensed-Medium.ttf */,
				99C0037E4ABE4114857454EA /* NotoSans_SemiCondensed-MediumItalic.ttf */,
				237308FB361841F095D4BC20 /* NotoSans_SemiCondensed-Regular.ttf */,
				5D5EA710115547F7AF875F2E /* NotoSans_SemiCondensed-SemiBold.ttf */,
				4B86F13B10EA4BD99225227A /* NotoSans_SemiCondensed-SemiBoldItalic.ttf */,
				C82157C4886244A2A6D7728E /* NotoSans_SemiCondensed-Thin.ttf */,
				C4CE3C41FDC54456A913D28E /* NotoSans_SemiCondensed-ThinItalic.ttf */,
			);
			name = Resources;
			sourceTree = "<group>";
			path = "";
		};
/* End PBXGroup section */

/* Begin PBXNativeTarget section */
		13B07F861A680F5B00A75B9A /* mpaspor */ = {
			isa = PBXNativeTarget;
			buildConfigurationList = 13B07F931A680F5B00A75B9A /* Build configuration list for PBXNativeTarget "mpaspor" */;
			buildPhases = (
				C38B50BA6285516D6DCD4F65 /* [CP] Check Pods Manifest.lock */,
				13B07F871A680F5B00A75B9A /* Sources */,
				13B07F8C1A680F5B00A75B9A /* Frameworks */,
				13B07F8E1A680F5B00A75B9A /* Resources */,
				00DD1BFF1BD5951E006B06BC /* Bundle React Native code and images */,
				00EEFC60759A1932668264C0 /* [CP] Embed Pods Frameworks */,
				E235C05ADACE081382539298 /* [CP] Copy Pods Resources */,
			);
			buildRules = (
			);
			dependencies = (
			);
			name = mpaspor;
			productName = mpaspor;
			productReference = 13B07F961A680F5B00A75B9A /* mpaspor.app */;
			productType = "com.apple.product-type.application";
		};
/* End PBXNativeTarget section */

/* Begin PBXProject section */
		83CBB9F71A601CBA00E9B192 /* Project object */ = {
			isa = PBXProject;
			attributes = {
				LastUpgradeCheck = 1210;
				TargetAttributes = {
					13B07F861A680F5B00A75B9A = {
						LastSwiftMigration = 1120;
					};
				};
			};
			buildConfigurationList = 83CBB9FA1A601CBA00E9B192 /* Build configuration list for PBXProject "mpaspor" */;
			compatibilityVersion = "Xcode 12.0";
			developmentRegion = en;
			hasScannedForEncodings = 0;
			knownRegions = (
				en,
				Base,
			);
			mainGroup = 83CBB9F61A601CBA00E9B192;
			productRefGroup = 83CBBA001A601CBA00E9B192 /* Products */;
			projectDirPath = "";
			projectRoot = "";
			targets = (
				13B07F861A680F5B00A75B9A /* mpaspor */,
			);
		};
/* End PBXProject section */

/* Begin PBXResourcesBuildPhase section */
		00E356EC1AD99517003FC87E /* Resources */ = {
			isa = PBXResourcesBuildPhase;
			buildActionMask = 2147483647;
			files = (
			);
			runOnlyForDeploymentPostprocessing = 0;
		};
		13B07F8E1A680F5B00A75B9A /* Resources */ = {
			isa = PBXResourcesBuildPhase;
			buildActionMask = 2147483647;
			files = (
				81AB9BB82411601600AC10FF /* LaunchScreen.storyboard in Resources */,
				13B07FBF1A68108700A75B9A /* Images.xcassets in Resources */,
				C1234C1921EA4308B8BE3F42 /* NotoSans-Black.ttf in Resources */,
				D2EB77056AF547E49E63334F /* NotoSans-BlackItalic.ttf in Resources */,
				AC26F11BBF524E72AF26FEA2 /* NotoSans-Bold.ttf in Resources */,
				195ADAD5821241119A6BA3CC /* NotoSans-BoldItalic.ttf in Resources */,
				3ACCF5CB2A4D48719A1D5FF0 /* NotoSans-ExtraBold.ttf in Resources */,
				569E5CC1E05D4B7185858CF1 /* NotoSans-ExtraBoldItalic.ttf in Resources */,
				EF09B3110E42468A8B63690B /* NotoSans-ExtraLight.ttf in Resources */,
				81111C0421CA4D8388D13B4B /* NotoSans-ExtraLightItalic.ttf in Resources */,
				87F1361A0FE547D093AB988B /* NotoSans-Italic.ttf in Resources */,
				24766699D92E461AB4D29DF3 /* NotoSans-Light.ttf in Resources */,
				C7974D91F6154C3F899A580B /* NotoSans-LightItalic.ttf in Resources */,
				B8F925FC82104E83AA4E3B55 /* NotoSans-Medium.ttf in Resources */,
				35545FC9A957491FB97BEB0B /* NotoSans-MediumItalic.ttf in Resources */,
				DD09EA0B30064D56B063EEA6 /* NotoSans-Regular.ttf in Resources */,
				ABC64905536D495199653037 /* NotoSans-SemiBold.ttf in Resources */,
				FED256B6C7D1407381944829 /* NotoSans-SemiBoldItalic.ttf in Resources */,
				18E2698ADBD9484FBAE1B3D4 /* NotoSans-Thin.ttf in Resources */,
				F2A33A19277E48F1AF8981DC /* NotoSans-ThinItalic.ttf in Resources */,
				B6F3D97F2CCE4E938805A5E9 /* NotoSans_Condensed-Black.ttf in Resources */,
				AF410E50367D439FBDED5409 /* NotoSans_Condensed-BlackItalic.ttf in Resources */,
				91E54F1E53FE4B6993CF5B4C /* NotoSans_Condensed-Bold.ttf in Resources */,
				E534417E9EFF45A6BAE66C69 /* NotoSans_Condensed-BoldItalic.ttf in Resources */,
				777C2162E0F44374ABC7321E /* NotoSans_Condensed-ExtraBold.ttf in Resources */,
				31B29DD7B5524D23B348C975 /* NotoSans_Condensed-ExtraBoldItalic.ttf in Resources */,
				27F10B1EFED04299927B40A1 /* NotoSans_Condensed-ExtraLight.ttf in Resources */,
				FEB5C32AB0AB4124AF18BB8A /* NotoSans_Condensed-ExtraLightItalic.ttf in Resources */,
				50291E8241334322BAD0EC3E /* NotoSans_Condensed-Italic.ttf in Resources */,
				89C7D639AA5F468BB1C3C886 /* NotoSans_Condensed-Light.ttf in Resources */,
				8C3A47515132479EBB5A5343 /* NotoSans_Condensed-LightItalic.ttf in Resources */,
				D246936E6D3342DFBDE60B9D /* NotoSans_Condensed-Medium.ttf in Resources */,
				321DA40E7EE24B7690339BF7 /* NotoSans_Condensed-MediumItalic.ttf in Resources */,
				E96DF032C63C49F29270AFE4 /* NotoSans_Condensed-Regular.ttf in Resources */,
				B5E1D5B319704C05B9AFD373 /* NotoSans_Condensed-SemiBold.ttf in Resources */,
				9AE00D4B2514445A80F4DAB1 /* NotoSans_Condensed-SemiBoldItalic.ttf in Resources */,
				60C49B5715A64D76A83B175D /* NotoSans_Condensed-Thin.ttf in Resources */,
				B2371AE358064802BEA8028D /* NotoSans_Condensed-ThinItalic.ttf in Resources */,
				BED27059F5FA4CCFB349EFB7 /* NotoSans_ExtraCondensed-Black.ttf in Resources */,
				E1247B8B1EC945FA8573311F /* NotoSans_ExtraCondensed-BlackItalic.ttf in Resources */,
				B96E2647326440D78EC92098 /* NotoSans_ExtraCondensed-Bold.ttf in Resources */,
				07F22F8FEFF241F989D8ECD1 /* NotoSans_ExtraCondensed-BoldItalic.ttf in Resources */,
				DF724662C2C34AEDB503B552 /* NotoSans_ExtraCondensed-ExtraBold.ttf in Resources */,
				58D77207B0C04ECB9B04DF2D /* NotoSans_ExtraCondensed-ExtraBoldItalic.ttf in Resources */,
				2C17EEBBB81A453391C37368 /* NotoSans_ExtraCondensed-ExtraLight.ttf in Resources */,
				4E12A87BCBF045F38321D834 /* NotoSans_ExtraCondensed-ExtraLightItalic.ttf in Resources */,
				AC3929E5C23C4B2C99BBBEB3 /* NotoSans_ExtraCondensed-Italic.ttf in Resources */,
				08C81580077940A59B1FA1CC /* NotoSans_ExtraCondensed-Light.ttf in Resources */,
				524060ADA38A436DA2CCC421 /* NotoSans_ExtraCondensed-LightItalic.ttf in Resources */,
				F61920A853A245C5937622A1 /* NotoSans_ExtraCondensed-Medium.ttf in Resources */,
				A58DAD6D152C44EF83C41490 /* NotoSans_ExtraCondensed-MediumItalic.ttf in Resources */,
				4422DAB346B24BBBABD402A3 /* NotoSans_ExtraCondensed-Regular.ttf in Resources */,
				78DEF4BA70F3419A907008A4 /* NotoSans_ExtraCondensed-SemiBold.ttf in Resources */,
				10A6F9D7A4B443FE8CEB61A0 /* NotoSans_ExtraCondensed-SemiBoldItalic.ttf in Resources */,
				731251CB912C456899BC4BEA /* NotoSans_ExtraCondensed-Thin.ttf in Resources */,
				F0301FCDDE874061B8878B28 /* NotoSans_ExtraCondensed-ThinItalic.ttf in Resources */,
				1B29E81E37A943E1A7E055B7 /* NotoSans_SemiCondensed-Black.ttf in Resources */,
				72FE3574D3744CDEAFE87EDF /* NotoSans_SemiCondensed-BlackItalic.ttf in Resources */,
				4AED30DF2C1C480A87D87826 /* NotoSans_SemiCondensed-Bold.ttf in Resources */,
				174B2A74F408417EB9D451D5 /* NotoSans_SemiCondensed-BoldItalic.ttf in Resources */,
				4CA356E2E8AC40DB9632B414 /* NotoSans_SemiCondensed-ExtraBold.ttf in Resources */,
				6B060C019EAE4BEDB54B3615 /* NotoSans_SemiCondensed-ExtraBoldItalic.ttf in Resources */,
				4872248669114150ACF0D112 /* NotoSans_SemiCondensed-ExtraLight.ttf in Resources */,
				7A6D739510644C4AAAF7507C /* NotoSans_SemiCondensed-ExtraLightItalic.ttf in Resources */,
				83FA8B6B1E994367A1B4A9D4 /* NotoSans_SemiCondensed-Italic.ttf in Resources */,
				20444ECF33404AB4A5ABFB7E /* NotoSans_SemiCondensed-Light.ttf in Resources */,
				550678CC552C454BB78A27D4 /* NotoSans_SemiCondensed-LightItalic.ttf in Resources */,
				018030A229AC497CBD97C525 /* NotoSans_SemiCondensed-Medium.ttf in Resources */,
				59EF9D0696F24AF193023C6E /* NotoSans_SemiCondensed-MediumItalic.ttf in Resources */,
				A7A3E8B9A8244157A54A86C6 /* NotoSans_SemiCondensed-Regular.ttf in Resources */,
				F68D51A12F644FD493CB0CAB /* NotoSans_SemiCondensed-SemiBold.ttf in Resources */,
				A8FB27B3432C4526A458D01D /* NotoSans_SemiCondensed-SemiBoldItalic.ttf in Resources */,
				341576DE6218441AB77584B5 /* NotoSans_SemiCondensed-Thin.ttf in Resources */,
				C1DC680E57CF4B7190F0A055 /* NotoSans_SemiCondensed-ThinItalic.ttf in Resources */,
			);
			runOnlyForDeploymentPostprocessing = 0;
		};
/* End PBXResourcesBuildPhase section */

/* Begin PBXShellScriptBuildPhase section */
		00DD1BFF1BD5951E006B06BC /* Bundle React Native code and images */ = {
			isa = PBXShellScriptBuildPhase;
			buildActionMask = 2147483647;
			files = (
			);
			inputPaths = (
				"$(SRCROOT)/.xcode.env.local",
				"$(SRCROOT)/.xcode.env",
			);
			name = "Bundle React Native code and images";
			outputPaths = (
			);
			runOnlyForDeploymentPostprocessing = 0;
			shellPath = /bin/sh;
			shellScript = "set -e\n\nWITH_ENVIRONMENT=\"$REACT_NATIVE_PATH/scripts/xcode/with-environment.sh\"\nREACT_NATIVE_XCODE=\"$REACT_NATIVE_PATH/scripts/react-native-xcode.sh\"\n\n/bin/sh -c \"$WITH_ENVIRONMENT $REACT_NATIVE_XCODE\"\n";
		};
		00EEFC60759A1932668264C0 /* [CP] Embed Pods Frameworks */ = {
			isa = PBXShellScriptBuildPhase;
			buildActionMask = 2147483647;
			files = (
			);
			inputFileListPaths = (
				"${PODS_ROOT}/Target Support Files/Pods-mpaspor/Pods-mpaspor-frameworks-${CONFIGURATION}-input-files.xcfilelist",
			);
			name = "[CP] Embed Pods Frameworks";
			outputFileListPaths = (
				"${PODS_ROOT}/Target Support Files/Pods-mpaspor/Pods-mpaspor-frameworks-${CONFIGURATION}-output-files.xcfilelist",
			);
			runOnlyForDeploymentPostprocessing = 0;
			shellPath = /bin/sh;
			shellScript = "\"${PODS_ROOT}/Target Support Files/Pods-mpaspor/Pods-mpaspor-frameworks.sh\"\n";
			showEnvVarsInLog = 0;
		};
		C38B50BA6285516D6DCD4F65 /* [CP] Check Pods Manifest.lock */ = {
			isa = PBXShellScriptBuildPhase;
			buildActionMask = 2147483647;
			files = (
			);
			inputFileListPaths = (
			);
			inputPaths = (
				"${PODS_PODFILE_DIR_PATH}/Podfile.lock",
				"${PODS_ROOT}/Manifest.lock",
			);
			name = "[CP] Check Pods Manifest.lock";
			outputFileListPaths = (
			);
			outputPaths = (
				"$(DERIVED_FILE_DIR)/Pods-mpaspor-checkManifestLockResult.txt",
			);
			runOnlyForDeploymentPostprocessing = 0;
			shellPath = /bin/sh;
			shellScript = "diff \"${PODS_PODFILE_DIR_PATH}/Podfile.lock\" \"${PODS_ROOT}/Manifest.lock\" > /dev/null\nif [ $? != 0 ] ; then\n    # print error to STDERR\n    echo \"error: The sandbox is not in sync with the Podfile.lock. Run 'pod install' or update your CocoaPods installation.\" >&2\n    exit 1\nfi\n# This output is used by Xcode 'outputs' to avoid re-running this script phase.\necho \"SUCCESS\" > \"${SCRIPT_OUTPUT_FILE_0}\"\n";
			showEnvVarsInLog = 0;
		};
		E235C05ADACE081382539298 /* [CP] Copy Pods Resources */ = {
			isa = PBXShellScriptBuildPhase;
			buildActionMask = 2147483647;
			files = (
			);
			inputFileListPaths = (
				"${PODS_ROOT}/Target Support Files/Pods-mpaspor/Pods-mpaspor-resources-${CONFIGURATION}-input-files.xcfilelist",
			);
			name = "[CP] Copy Pods Resources";
			outputFileListPaths = (
				"${PODS_ROOT}/Target Support Files/Pods-mpaspor/Pods-mpaspor-resources-${CONFIGURATION}-output-files.xcfilelist",
			);
			runOnlyForDeploymentPostprocessing = 0;
			shellPath = /bin/sh;
			shellScript = "\"${PODS_ROOT}/Target Support Files/Pods-mpaspor/Pods-mpaspor-resources.sh\"\n";
			showEnvVarsInLog = 0;
		};
/* End PBXShellScriptBuildPhase section */

/* Begin PBXSourcesBuildPhase section */
		13B07F871A680F5B00A75B9A /* Sources */ = {
			isa = PBXSourcesBuildPhase;
			buildActionMask = 2147483647;
			files = (
				761780ED2CA45674006654EE /* AppDelegate.swift in Sources */,
			);
			runOnlyForDeploymentPostprocessing = 0;
		};
/* End PBXSourcesBuildPhase section */

/* Begin PBXTargetDependency section */
		00E356F51AD99517003FC87E /* PBXTargetDependency */ = {
			isa = PBXTargetDependency;
			target = 13B07F861A680F5B00A75B9A /* mpaspor */;
			targetProxy = 00E356F41AD99517003FC87E /* PBXContainerItemProxy */;
		};
/* End PBXTargetDependency section */

/* Begin XCBuildConfiguration section */
		13B07F941A680F5B00A75B9A /* Debug */ = {
			isa = XCBuildConfiguration;
			baseConfigurationReference = 3B4392A12AC88292D35C810B /* Pods-mpaspor.debug.xcconfig */;
			buildSettings = {
				ASSETCATALOG_COMPILER_APPICON_NAME = AppIcon;
				CLANG_ENABLE_MODULES = YES;
				CURRENT_PROJECT_VERSION = 1;
				ENABLE_BITCODE = NO;
				INFOPLIST_FILE = mpaspor/Info.plist;
				IPHONEOS_DEPLOYMENT_TARGET = 15.1;
				LD_RUNPATH_SEARCH_PATHS = (
					"$(inherited)",
					"@executable_path/Frameworks",
				);
				MARKETING_VERSION = 1.0;
				OTHER_LDFLAGS = (
					"$(inherited)",
					"-ObjC",
					"-lc++",
				);
				PRODUCT_BUNDLE_IDENTIFIER = "org.reactjs.native.example.$(PRODUCT_NAME:rfc1034identifier)";
				PRODUCT_NAME = mpaspor;
				SWIFT_OPTIMIZATION_LEVEL = "-Onone";
				SWIFT_VERSION = 5.0;
				VERSIONING_SYSTEM = "apple-generic";
			};
			name = Debug;
		};
		13B07F951A680F5B00A75B9A /* Release */ = {
			isa = XCBuildConfiguration;
			baseConfigurationReference = 5709B34CF0A7D63546082F79 /* Pods-mpaspor.release.xcconfig */;
			buildSettings = {
				ASSETCATALOG_COMPILER_APPICON_NAME = AppIcon;
				CLANG_ENABLE_MODULES = YES;
				CURRENT_PROJECT_VERSION = 1;
				INFOPLIST_FILE = mpaspor/Info.plist;
				IPHONEOS_DEPLOYMENT_TARGET = 15.1;
				LD_RUNPATH_SEARCH_PATHS = (
					"$(inherited)",
					"@executable_path/Frameworks",
				);
				MARKETING_VERSION = 1.0;
				OTHER_LDFLAGS = (
					"$(inherited)",
					"-ObjC",
					"-lc++",
				);
				PRODUCT_BUNDLE_IDENTIFIER = "org.reactjs.native.example.$(PRODUCT_NAME:rfc1034identifier)";
				PRODUCT_NAME = mpaspor;
				SWIFT_VERSION = 5.0;
				VERSIONING_SYSTEM = "apple-generic";
			};
			name = Release;
		};
		83CBBA201A601CBA00E9B192 /* Debug */ = {
			isa = XCBuildConfiguration;
			buildSettings = {
				ALWAYS_SEARCH_USER_PATHS = NO;
				CLANG_ANALYZER_LOCALIZABILITY_NONLOCALIZED = YES;
				CLANG_CXX_LANGUAGE_STANDARD = "c++20";
				CLANG_CXX_LIBRARY = "libc++";
				CLANG_ENABLE_MODULES = YES;
				CLANG_ENABLE_OBJC_ARC = YES;
				CLANG_WARN_BLOCK_CAPTURE_AUTORELEASING = YES;
				CLANG_WARN_BOOL_CONVERSION = YES;
				CLANG_WARN_COMMA = YES;
				CLANG_WARN_CONSTANT_CONVERSION = YES;
				CLANG_WARN_DEPRECATED_OBJC_IMPLEMENTATIONS = YES;
				CLANG_WARN_DIRECT_OBJC_ISA_USAGE = YES_ERROR;
				CLANG_WARN_EMPTY_BODY = YES;
				CLANG_WARN_ENUM_CONVERSION = YES;
				CLANG_WARN_INFINITE_RECURSION = YES;
				CLANG_WARN_INT_CONVERSION = YES;
				CLANG_WARN_NON_LITERAL_NULL_CONVERSION = YES;
				CLANG_WARN_OBJC_IMPLICIT_RETAIN_SELF = YES;
				CLANG_WARN_OBJC_LITERAL_CONVERSION = YES;
				CLANG_WARN_OBJC_ROOT_CLASS = YES_ERROR;
				CLANG_WARN_QUOTED_INCLUDE_IN_FRAMEWORK_HEADER = YES;
				CLANG_WARN_RANGE_LOOP_ANALYSIS = YES;
				CLANG_WARN_STRICT_PROTOTYPES = YES;
				CLANG_WARN_SUSPICIOUS_MOVE = YES;
				CLANG_WARN_UNREACHABLE_CODE = YES;
				CLANG_WARN__DUPLICATE_METHOD_MATCH = YES;
				"CODE_SIGN_IDENTITY[sdk=iphoneos*]" = "iPhone Developer";
				COPY_PHASE_STRIP = NO;
				ENABLE_STRICT_OBJC_MSGSEND = YES;
				ENABLE_TESTABILITY = YES;
				"EXCLUDED_ARCHS[sdk=iphonesimulator*]" = "";
				GCC_C_LANGUAGE_STANDARD = gnu99;
				GCC_DYNAMIC_NO_PIC = NO;
				GCC_NO_COMMON_BLOCKS = YES;
				GCC_OPTIMIZATION_LEVEL = 0;
				GCC_PREPROCESSOR_DEFINITIONS = (
					"DEBUG=1",
					"$(inherited)",
				);
				GCC_SYMBOLS_PRIVATE_EXTERN = NO;
				GCC_WARN_64_TO_32_BIT_CONVERSION = YES;
				GCC_WARN_ABOUT_RETURN_TYPE = YES_ERROR;
				GCC_WARN_UNDECLARED_SELECTOR = YES;
				GCC_WARN_UNINITIALIZED_AUTOS = YES_AGGRESSIVE;
				GCC_WARN_UNUSED_FUNCTION = YES;
				GCC_WARN_UNUSED_VARIABLE = YES;
				IPHONEOS_DEPLOYMENT_TARGET = 15.1;
				LD_RUNPATH_SEARCH_PATHS = (
					/usr/lib/swift,
					"$(inherited)",
				);
				LIBRARY_SEARCH_PATHS = (
					"\"$(SDKROOT)/usr/lib/swift\"",
					"\"$(TOOLCHAIN_DIR)/usr/lib/swift/$(PLATFORM_NAME)\"",
					"\"$(inherited)\"",
				);
				MTL_ENABLE_DEBUG_INFO = YES;
				ONLY_ACTIVE_ARCH = YES;
				OTHER_CPLUSPLUSFLAGS = (
					"$(OTHER_CFLAGS)",
					"-DFOLLY_NO_CONFIG",
					"-DFOLLY_MOBILE=1",
					"-DFOLLY_USE_LIBCPP=1",
					"-DFOLLY_CFG_NO_COROUTINES=1",
					"-DFOLLY_HAVE_CLOCK_GETTIME=1",
				);
				SDKROOT = iphoneos;
			};
			name = Debug;
		};
		83CBBA211A601CBA00E9B192 /* Release */ = {
			isa = XCBuildConfiguration;
			buildSettings = {
				ALWAYS_SEARCH_USER_PATHS = NO;
				CLANG_ANALYZER_LOCALIZABILITY_NONLOCALIZED = YES;
				CLANG_CXX_LANGUAGE_STANDARD = "c++20";
				CLANG_CXX_LIBRARY = "libc++";
				CLANG_ENABLE_MODULES = YES;
				CLANG_ENABLE_OBJC_ARC = YES;
				CLANG_WARN_BLOCK_CAPTURE_AUTORELEASING = YES;
				CLANG_WARN_BOOL_CONVERSION = YES;
				CLANG_WARN_COMMA = YES;
				CLANG_WARN_CONSTANT_CONVERSION = YES;
				CLANG_WARN_DEPRECATED_OBJC_IMPLEMENTATIONS = YES;
				CLANG_WARN_DIRECT_OBJC_ISA_USAGE = YES_ERROR;
				CLANG_WARN_EMPTY_BODY = YES;
				CLANG_WARN_ENUM_CONVERSION = YES;
				CLANG_WARN_INFINITE_RECURSION = YES;
				CLANG_WARN_INT_CONVERSION = YES;
				CLANG_WARN_NON_LITERAL_NULL_CONVERSION = YES;
				CLANG_WARN_OBJC_IMPLICIT_RETAIN_SELF = YES;
				CLANG_WARN_OBJC_LITERAL_CONVERSION = YES;
				CLANG_WARN_OBJC_ROOT_CLASS = YES_ERROR;
				CLANG_WARN_QUOTED_INCLUDE_IN_FRAMEWORK_HEADER = YES;
				CLANG_WARN_RANGE_LOOP_ANALYSIS = YES;
				CLANG_WARN_STRICT_PROTOTYPES = YES;
				CLANG_WARN_SUSPICIOUS_MOVE = YES;
				CLANG_WARN_UNREACHABLE_CODE = YES;
				CLANG_WARN__DUPLICATE_METHOD_MATCH = YES;
				"CODE_SIGN_IDENTITY[sdk=iphoneos*]" = "iPhone Developer";
				COPY_PHASE_STRIP = YES;
				ENABLE_NS_ASSERTIONS = NO;
				ENABLE_STRICT_OBJC_MSGSEND = YES;
				"EXCLUDED_ARCHS[sdk=iphonesimulator*]" = "";
				GCC_C_LANGUAGE_STANDARD = gnu99;
				GCC_NO_COMMON_BLOCKS = YES;
				GCC_WARN_64_TO_32_BIT_CONVERSION = YES;
				GCC_WARN_ABOUT_RETURN_TYPE = YES_ERROR;
				GCC_WARN_UNDECLARED_SELECTOR = YES;
				GCC_WARN_UNINITIALIZED_AUTOS = YES_AGGRESSIVE;
				GCC_WARN_UNUSED_FUNCTION = YES;
				GCC_WARN_UNUSED_VARIABLE = YES;
				IPHONEOS_DEPLOYMENT_TARGET = 15.1;
				LD_RUNPATH_SEARCH_PATHS = (
					/usr/lib/swift,
					"$(inherited)",
				);
				LIBRARY_SEARCH_PATHS = (
					"\"$(SDKROOT)/usr/lib/swift\"",
					"\"$(TOOLCHAIN_DIR)/usr/lib/swift/$(PLATFORM_NAME)\"",
					"\"$(inherited)\"",
				);
				MTL_ENABLE_DEBUG_INFO = NO;
				OTHER_CPLUSPLUSFLAGS = (
					"$(OTHER_CFLAGS)",
					"-DFOLLY_NO_CONFIG",
					"-DFOLLY_MOBILE=1",
					"-DFOLLY_USE_LIBCPP=1",
					"-DFOLLY_CFG_NO_COROUTINES=1",
					"-DFOLLY_HAVE_CLOCK_GETTIME=1",
				);
				SDKROOT = iphoneos;
				VALIDATE_PRODUCT = YES;
			};
			name = Release;
		};
/* End XCBuildConfiguration section */

/* Begin XCConfigurationList section */
		13B07F931A680F5B00A75B9A /* Build configuration list for PBXNativeTarget "mpaspor" */ = {
			isa = XCConfigurationList;
			buildConfigurations = (
				13B07F941A680F5B00A75B9A /* Debug */,
				13B07F951A680F5B00A75B9A /* Release */,
			);
			defaultConfigurationIsVisible = 0;
			defaultConfigurationName = Release;
		};
		83CBB9FA1A601CBA00E9B192 /* Build configuration list for PBXProject "mpaspor" */ = {
			isa = XCConfigurationList;
			buildConfigurations = (
				83CBBA201A601CBA00E9B192 /* Debug */,
				83CBBA211A601CBA00E9B192 /* Release */,
			);
			defaultConfigurationIsVisible = 0;
			defaultConfigurationName = Release;
		};
/* End XCConfigurationList section */
	};
	rootObject = 83CBB9F71A601CBA00E9B192 /* Project object */;
}
